
Microsoft Visual Studio Solution File, Format Version 12.00
# Visual Studio Version 16
VisualStudioVersion = 16.0.30413.136
MinimumVisualStudioVersion = 10.0.40219.1
Project("{FAE04EC0-301F-11D3-BF4B-00C04F79EFBC}") = "Taboo.API", "Taboo.API\Taboo.API.csproj", "{098A62AD-8605-439D-A09C-CD75BD6CBDB2}"
EndProject
Global
	GlobalSection(SolutionConfigurationPlatforms) = preSolution
		Debug|Any CPU = Debug|Any CPU
		Release|Any CPU = Release|Any CPU
	EndGlobalSection
	GlobalSection(ProjectConfigurationPlatforms) = postSolution
		{098A62AD-8605-439D-A09C-CD75BD6CBDB2}.Debug|Any CPU.ActiveCfg = Debug|Any CPU
		{098A62AD-8605-439D-A09C-CD75BD6CBDB2}.Debug|Any CPU.Build.0 = Debug|Any CPU
		{098A62AD-8605-439D-A09C-CD75BD6CBDB2}.Release|Any CPU.ActiveCfg = Release|Any CPU
		{098A62AD-8605-439D-A09C-CD75BD6CBDB2}.Release|Any CPU.Build.0 = Release|Any CPU
	EndGlobalSection
	GlobalSection(SolutionProperties) = preSolution
		HideSolutionNode = FALSE
	EndGlobalSection
	GlobalSection(ExtensibilityGlobals) = postSolution
		SolutionGuid = {CFFCE4FE-133A-4D08-85DC-C095136D4E2D}
	EndGlobalSection
EndGlobal
